// !$*UTF8*$!
{
	archiveVersion = 1;
	classes = {
	};
	objectVersion = 56;
	objects = {

/* Begin PBXBuildFile section */
		3B2D51042ADFEBA300AA5020 /* AppDelegate.swift in Sources */ = {isa = PBXBuildFile; fileRef = 3B2D51032ADFEBA300AA5020 /* AppDelegate.swift */; };
		3B2D51062ADFEBA300AA5020 /* SceneDelegate.swift in Sources */ = {isa = PBXBuildFile; fileRef = 3B2D51052ADFEBA300AA5020 /* SceneDelegate.swift */; };
		3B2D51082ADFEBA300AA5020 /* ViewController.swift in Sources */ = {isa = PBXBuildFile; fileRef = 3B2D51072ADFEBA300AA5020 /* ViewController.swift */; };
		3B2D510B2ADFEBA300AA5020 /* Main.storyboard in Resources */ = {isa = PBXBuildFile; fileRef = 3B2D51092ADFEBA300AA5020 /* Main.storyboard */; };
		3B2D510D2ADFEBA500AA5020 /* Assets.xcassets in Resources */ = {isa = PBXBuildFile; fileRef = 3B2D510C2ADFEBA500AA5020 /* Assets.xcassets */; };
		3B2D51102ADFEBA500AA5020 /* LaunchScreen.storyboard in Resources */ = {isa = PBXBuildFile; fileRef = 3B2D510E2ADFEBA500AA5020 /* LaunchScreen.storyboard */; };
		3B2D511B2ADFEBA500AA5020 /* SwiftyMockyGenerateCodeErrorTests.swift in Sources */ = {isa = PBXBuildFile; fileRef = 3B2D511A2ADFEBA500AA5020 /* SwiftyMockyGenerateCodeErrorTests.swift */; };
		3B2D51252ADFEBA500AA5020 /* SwiftyMockyGenerateCodeErrorUITests.swift in Sources */ = {isa = PBXBuildFile; fileRef = 3B2D51242ADFEBA500AA5020 /* SwiftyMockyGenerateCodeErrorUITests.swift */; };
		3B2D51272ADFEBA500AA5020 /* SwiftyMockyGenerateCodeErrorUITestsLaunchTests.swift in Sources */ = {isa = PBXBuildFile; fileRef = 3B2D51262ADFEBA500AA5020 /* SwiftyMockyGenerateCodeErrorUITestsLaunchTests.swift */; };
		3B3CFE1C2AE04EA9003DAA61 /* SampleProtocol.swift in Sources */ = {isa = PBXBuildFile; fileRef = 3B3CFE1B2AE04EA9003DAA61 /* SampleProtocol.swift */; };
		B957F7FCB52EF2B7DC934449 /* Pods_SwiftyMockyGenerateCodeError_SwiftyMockyGenerateCodeErrorUITests.framework in Frameworks */ = {isa = PBXBuildFile; fileRef = 0176CD92C7209CC99534B349 /* Pods_SwiftyMockyGenerateCodeError_SwiftyMockyGenerateCodeErrorUITests.framework */; };
		D7988EDA80A22E5E67A9CEA0 /* Pods_SwiftyMockyGenerateCodeError.framework in Frameworks */ = {isa = PBXBuildFile; fileRef = A945B27229196A38ED9730AF /* Pods_SwiftyMockyGenerateCodeError.framework */; };
		EE3E9DC53E364BD1038D3C4F /* Pods_SwiftyMockyGenerateCodeErrorTests.framework in Frameworks */ = {isa = PBXBuildFile; fileRef = B71856A65D70EECA38B7AAAA /* Pods_SwiftyMockyGenerateCodeErrorTests.framework */; };
/* End PBXBuildFile section */

/* Begin PBXContainerItemProxy section */
		3B2D51172ADFEBA500AA5020 /* PBXContainerItemProxy */ = {
			isa = PBXContainerItemProxy;
			containerPortal = 3B2D50F82ADFEBA300AA5020 /* Project object */;
			proxyType = 1;
			remoteGlobalIDString = 3B2D50FF2ADFEBA300AA5020;
			remoteInfo = SwiftyMockyGenerateCodeError;
		};
		3B2D51212ADFEBA500AA5020 /* PBXContainerItemProxy */ = {
			isa = PBXContainerItemProxy;
			containerPortal = 3B2D50F82ADFEBA300AA5020 /* Project object */;
			proxyType = 1;
			remoteGlobalIDString = 3B2D50FF2ADFEBA300AA5020;
			remoteInfo = SwiftyMockyGenerateCodeError;
		};
/* End PBXContainerItemProxy section */

/* Begin PBXFileReference section */
		0176CD92C7209CC99534B349 /* Pods_SwiftyMockyGenerateCodeError_SwiftyMockyGenerateCodeErrorUITests.framework */ = {isa = PBXFileReference; explicitFileType = wrapper.framework; includeInIndex = 0; path = Pods_SwiftyMockyGenerateCodeError_SwiftyMockyGenerateCodeErrorUITests.framework; sourceTree = BUILT_PRODUCTS_DIR; };
		15FA31C301BF68445ECE459A /* Pods-SwiftyMockyGenerateCodeError-SwiftyMockyGenerateCodeErrorUITests.release.xcconfig */ = {isa = PBXFileReference; includeInIndex = 1; lastKnownFileType = text.xcconfig; name = "Pods-SwiftyMockyGenerateCodeError-SwiftyMockyGenerateCodeErrorUITests.release.xcconfig"; path = "Target Support Files/Pods-SwiftyMockyGenerateCodeError-SwiftyMockyGenerateCodeErrorUITests/Pods-SwiftyMockyGenerateCodeError-SwiftyMockyGenerateCodeErrorUITests.release.xcconfig"; sourceTree = "<group>"; };
		2757EE74B829791C8DBD9061 /* Pods-SwiftyMockyGenerateCodeError.release.xcconfig */ = {isa = PBXFileReference; includeInIndex = 1; lastKnownFileType = text.xcconfig; name = "Pods-SwiftyMockyGenerateCodeError.release.xcconfig"; path = "Target Support Files/Pods-SwiftyMockyGenerateCodeError/Pods-SwiftyMockyGenerateCodeError.release.xcconfig"; sourceTree = "<group>"; };
		3B2D51002ADFEBA300AA5020 /* SwiftyMockyGenerateCodeError.app */ = {isa = PBXFileReference; explicitFileType = wrapper.application; includeInIndex = 0; path = SwiftyMockyGenerateCodeError.app; sourceTree = BUILT_PRODUCTS_DIR; };
		3B2D51032ADFEBA300AA5020 /* AppDelegate.swift */ = {isa = PBXFileReference; lastKnownFileType = sourcecode.swift; path = AppDelegate.swift; sourceTree = "<group>"; };
		3B2D51052ADFEBA300AA5020 /* SceneDelegate.swift */ = {isa = PBXFileReference; lastKnownFileType = sourcecode.swift; path = SceneDelegate.swift; sourceTree = "<group>"; };
		3B2D51072ADFEBA300AA5020 /* ViewController.swift */ = {isa = PBXFileReference; lastKnownFileType = sourcecode.swift; path = ViewController.swift; sourceTree = "<group>"; };
		3B2D510A2ADFEBA300AA5020 /* Base */ = {isa = PBXFileReference; lastKnownFileType = file.storyboard; name = Base; path = Base.lproj/Main.storyboard; sourceTree = "<group>"; };
		3B2D510C2ADFEBA500AA5020 /* Assets.xcassets */ = {isa = PBXFileReference; lastKnownFileType = folder.assetcatalog; path = Assets.xcassets; sourceTree = "<group>"; };
		3B2D510F2ADFEBA500AA5020 /* Base */ = {isa = PBXFileReference; lastKnownFileType = file.storyboard; name = Base; path = Base.lproj/LaunchScreen.storyboard; sourceTree = "<group>"; };
		3B2D51112ADFEBA500AA5020 /* Info.plist */ = {isa = PBXFileReference; lastKnownFileType = text.plist.xml; path = Info.plist; sourceTree = "<group>"; };
		3B2D51162ADFEBA500AA5020 /* SwiftyMockyGenerateCodeErrorTests.xctest */ = {isa = PBXFileReference; explicitFileType = wrapper.cfbundle; includeInIndex = 0; path = SwiftyMockyGenerateCodeErrorTests.xctest; sourceTree = BUILT_PRODUCTS_DIR; };
		3B2D511A2ADFEBA500AA5020 /* SwiftyMockyGenerateCodeErrorTests.swift */ = {isa = PBXFileReference; lastKnownFileType = sourcecode.swift; path = SwiftyMockyGenerateCodeErrorTests.swift; sourceTree = "<group>"; };
		3B2D51202ADFEBA500AA5020 /* SwiftyMockyGenerateCodeErrorUITests.xctest */ = {isa = PBXFileReference; explicitFileType = wrapper.cfbundle; includeInIndex = 0; path = SwiftyMockyGenerateCodeErrorUITests.xctest; sourceTree = BUILT_PRODUCTS_DIR; };
		3B2D51242ADFEBA500AA5020 /* SwiftyMockyGenerateCodeErrorUITests.swift */ = {isa = PBXFileReference; lastKnownFileType = sourcecode.swift; path = SwiftyMockyGenerateCodeErrorUITests.swift; sourceTree = "<group>"; };
		3B2D51262ADFEBA500AA5020 /* SwiftyMockyGenerateCodeErrorUITestsLaunchTests.swift */ = {isa = PBXFileReference; lastKnownFileType = sourcecode.swift; path = SwiftyMockyGenerateCodeErrorUITestsLaunchTests.swift; sourceTree = "<group>"; };
		3B3CFE1B2AE04EA9003DAA61 /* SampleProtocol.swift */ = {isa = PBXFileReference; lastKnownFileType = sourcecode.swift; path = SampleProtocol.swift; sourceTree = "<group>"; };
		46A31A64EFF4698D5BC5413B /* Pods-SwiftyMockyGenerateCodeError.debug.xcconfig */ = {isa = PBXFileReference; includeInIndex = 1; lastKnownFileType = text.xcconfig; name = "Pods-SwiftyMockyGenerateCodeError.debug.xcconfig"; path = "Target Support Files/Pods-SwiftyMockyGenerateCodeError/Pods-SwiftyMockyGenerateCodeError.debug.xcconfig"; sourceTree = "<group>"; };
		4A6988E0D073C69D9E47B4EA /* Pods-SwiftyMockyGenerateCodeErrorTests.release.xcconfig */ = {isa = PBXFileReference; includeInIndex = 1; lastKnownFileType = text.xcconfig; name = "Pods-SwiftyMockyGenerateCodeErrorTests.release.xcconfig"; path = "Target Support Files/Pods-SwiftyMockyGenerateCodeErrorTests/Pods-SwiftyMockyGenerateCodeErrorTests.release.xcconfig"; sourceTree = "<group>"; };
		84F6383E3377BCDC71A036B1 /* Pods-SwiftyMockyGenerateCodeError-SwiftyMockyGenerateCodeErrorUITests.debug.xcconfig */ = {isa = PBXFileReference; includeInIndex = 1; lastKnownFileType = text.xcconfig; name = "Pods-SwiftyMockyGenerateCodeError-SwiftyMockyGenerateCodeErrorUITests.debug.xcconfig"; path = "Target Support Files/Pods-SwiftyMockyGenerateCodeError-SwiftyMockyGenerateCodeErrorUITests/Pods-SwiftyMockyGenerateCodeError-SwiftyMockyGenerateCodeErrorUITests.debug.xcconfig"; sourceTree = "<group>"; };
		A945B27229196A38ED9730AF /* Pods_SwiftyMockyGenerateCodeError.framework */ = {isa = PBXFileReference; explicitFileType = wrapper.framework; includeInIndex = 0; path = Pods_SwiftyMockyGenerateCodeError.framework; sourceTree = BUILT_PRODUCTS_DIR; };
		B71856A65D70EECA38B7AAAA /* Pods_SwiftyMockyGenerateCodeErrorTests.framework */ = {isa = PBXFileReference; explicitFileType = wrapper.framework; includeInIndex = 0; path = Pods_SwiftyMockyGenerateCodeErrorTests.framework; sourceTree = BUILT_PRODUCTS_DIR; };
		D53C0170DD5A02DD4EC9BD9E /* Pods-SwiftyMockyGenerateCodeErrorTests.debug.xcconfig */ = {isa = PBXFileReference; includeInIndex = 1; lastKnownFileType = text.xcconfig; name = "Pods-SwiftyMockyGenerateCodeErrorTests.debug.xcconfig"; path = "Target Support Files/Pods-SwiftyMockyGenerateCodeErrorTests/Pods-SwiftyMockyGenerateCodeErrorTests.debug.xcconfig"; sourceTree = "<group>"; };
/* End PBXFileReference section */

/* Begin PBXFrameworksBuildPhase section */
		3B2D50FD2ADFEBA300AA5020 /* Frameworks */ = {
			isa = PBXFrameworksBuildPhase;
			buildActionMask = 2147483647;
			files = (
				D7988EDA80A22E5E67A9CEA0 /* Pods_SwiftyMockyGenerateCodeError.framework in Frameworks */,
			);
			runOnlyForDeploymentPostprocessing = 0;
		};
		3B2D51132ADFEBA500AA5020 /* Frameworks */ = {
			isa = PBXFrameworksBuildPhase;
			buildActionMask = 2147483647;
			files = (
				EE3E9DC53E364BD1038D3C4F /* Pods_SwiftyMockyGenerateCodeErrorTests.framework in Frameworks */,
			);
			runOnlyForDeploymentPostprocessing = 0;
		};
		3B2D511D2ADFEBA500AA5020 /* Frameworks */ = {
			isa = PBXFrameworksBuildPhase;
			buildActionMask = 2147483647;
			files = (
				B957F7FCB52EF2B7DC934449 /* Pods_SwiftyMockyGenerateCodeError_SwiftyMockyGenerateCodeErrorUITests.framework in Frameworks */,
			);
			runOnlyForDeploymentPostprocessing = 0;
		};
/* End PBXFrameworksBuildPhase section */

/* Begin PBXGroup section */
		3B2D50F72ADFEBA300AA5020 = {
			isa = PBXGroup;
			children = (
				3B2D51022ADFEBA300AA5020 /* SwiftyMockyGenerateCodeError */,
				3B2D51192ADFEBA500AA5020 /* SwiftyMockyGenerateCodeErrorTests */,
				3B2D51232ADFEBA500AA5020 /* SwiftyMockyGenerateCodeErrorUITests */,
				3B2D51012ADFEBA300AA5020 /* Products */,
				BE9AFE6D6E804C0249FD9D65 /* Pods */,
				484417A5930B2F76E88713C9 /* Frameworks */,
			);
			sourceTree = "<group>";
		};
		3B2D51012ADFEBA300AA5020 /* Products */ = {
			isa = PBXGroup;
			children = (
				3B2D51002ADFEBA300AA5020 /* SwiftyMockyGenerateCodeError.app */,
				3B2D51162ADFEBA500AA5020 /* SwiftyMockyGenerateCodeErrorTests.xctest */,
				3B2D51202ADFEBA500AA5020 /* SwiftyMockyGenerateCodeErrorUITests.xctest */,
			);
			name = Products;
			sourceTree = "<group>";
		};
		3B2D51022ADFEBA300AA5020 /* SwiftyMockyGenerateCodeError */ = {
			isa = PBXGroup;
			children = (
				3B2D51032ADFEBA300AA5020 /* AppDelegate.swift */,
				3B2D51052ADFEBA300AA5020 /* SceneDelegate.swift */,
				3B2D51072ADFEBA300AA5020 /* ViewController.swift */,
				3B2D51092ADFEBA300AA5020 /* Main.storyboard */,
				3B2D510C2ADFEBA500AA5020 /* Assets.xcassets */,
				3B2D510E2ADFEBA500AA5020 /* LaunchScreen.storyboard */,
				3B2D51112ADFEBA500AA5020 /* Info.plist */,
				3B3CFE1B2AE04EA9003DAA61 /* SampleProtocol.swift */,
			);
			path = SwiftyMockyGenerateCodeError;
			sourceTree = "<group>";
		};
		3B2D51192ADFEBA500AA5020 /* SwiftyMockyGenerateCodeErrorTests */ = {
			isa = PBXGroup;
			children = (
				3B2D511A2ADFEBA500AA5020 /* SwiftyMockyGenerateCodeErrorTests.swift */,
			);
			path = SwiftyMockyGenerateCodeErrorTests;
			sourceTree = "<group>";
		};
		3B2D51232ADFEBA500AA5020 /* SwiftyMockyGenerateCodeErrorUITests */ = {
			isa = PBXGroup;
			children = (
				3B2D51242ADFEBA500AA5020 /* SwiftyMockyGenerateCodeErrorUITests.swift */,
				3B2D51262ADFEBA500AA5020 /* SwiftyMockyGenerateCodeErrorUITestsLaunchTests.swift */,
			);
			path = SwiftyMockyGenerateCodeErrorUITests;
			sourceTree = "<group>";
		};
		484417A5930B2F76E88713C9 /* Frameworks */ = {
			isa = PBXGroup;
			children = (
				A945B27229196A38ED9730AF /* Pods_SwiftyMockyGenerateCodeError.framework */,
				0176CD92C7209CC99534B349 /* Pods_SwiftyMockyGenerateCodeError_SwiftyMockyGenerateCodeErrorUITests.framework */,
				B71856A65D70EECA38B7AAAA /* Pods_SwiftyMockyGenerateCodeErrorTests.framework */,
			);
			name = Frameworks;
			sourceTree = "<group>";
		};
		BE9AFE6D6E804C0249FD9D65 /* Pods */ = {
			isa = PBXGroup;
			children = (
				46A31A64EFF4698D5BC5413B /* Pods-SwiftyMockyGenerateCodeError.debug.xcconfig */,
				2757EE74B829791C8DBD9061 /* Pods-SwiftyMockyGenerateCodeError.release.xcconfig */,
				84F6383E3377BCDC71A036B1 /* Pods-SwiftyMockyGenerateCodeError-SwiftyMockyGenerateCodeErrorUITests.debug.xcconfig */,
				15FA31C301BF68445ECE459A /* Pods-SwiftyMockyGenerateCodeError-SwiftyMockyGenerateCodeErrorUITests.release.xcconfig */,
				D53C0170DD5A02DD4EC9BD9E /* Pods-SwiftyMockyGenerateCodeErrorTests.debug.xcconfig */,
				4A6988E0D073C69D9E47B4EA /* Pods-SwiftyMockyGenerateCodeErrorTests.release.xcconfig */,
			);
			path = Pods;
			sourceTree = "<group>";
		};
/* End PBXGroup section */

/* Begin PBXNativeTarget section */
		3B2D50FF2ADFEBA300AA5020 /* SwiftyMockyGenerateCodeError */ = {
			isa = PBXNativeTarget;
			buildConfigurationList = 3B2D512A2ADFEBA500AA5020 /* Build configuration list for PBXNativeTarget "SwiftyMockyGenerateCodeError" */;
			buildPhases = (
				FF69CF7A0AD7A2B2329CFE0F /* [CP] Check Pods Manifest.lock */,
				3B2D50FC2ADFEBA300AA5020 /* Sources */,
				3B2D50FD2ADFEBA300AA5020 /* Frameworks */,
				3B2D50FE2ADFEBA300AA5020 /* Resources */,
				CB367996852C1DF6F853380D /* [CP] Embed Pods Frameworks */,
			);
			buildRules = (
			);
			dependencies = (
			);
			name = SwiftyMockyGenerateCodeError;
			productName = SwiftyMockyGenerateCodeError;
			productReference = 3B2D51002ADFEBA300AA5020 /* SwiftyMockyGenerateCodeError.app */;
			productType = "com.apple.product-type.application";
		};
		3B2D51152ADFEBA500AA5020 /* SwiftyMockyGenerateCodeErrorTests */ = {
			isa = PBXNativeTarget;
			buildConfigurationList = 3B2D512D2ADFEBA500AA5020 /* Build configuration list for PBXNativeTarget "SwiftyMockyGenerateCodeErrorTests" */;
			buildPhases = (
				CBD0532C7497F6B0DBD14AA1 /* [CP] Check Pods Manifest.lock */,
				3B2D51122ADFEBA500AA5020 /* Sources */,
				3B2D51132ADFEBA500AA5020 /* Frameworks */,
				3B2D51142ADFEBA500AA5020 /* Resources */,
			);
			buildRules = (
			);
			dependencies = (
				3B2D51182ADFEBA500AA5020 /* PBXTargetDependency */,
			);
			name = SwiftyMockyGenerateCodeErrorTests;
			productName = SwiftyMockyGenerateCodeErrorTests;
			productReference = 3B2D51162ADFEBA500AA5020 /* SwiftyMockyGenerateCodeErrorTests.xctest */;
			productType = "com.apple.product-type.bundle.unit-test";
		};
		3B2D511F2ADFEBA500AA5020 /* SwiftyMockyGenerateCodeErrorUITests */ = {
			isa = PBXNativeTarget;
			buildConfigurationList = 3B2D51302ADFEBA500AA5020 /* Build configuration list for PBXNativeTarget "SwiftyMockyGenerateCodeErrorUITests" */;
			buildPhases = (
				B0F2EDBB3C2E9C875B87C444 /* [CP] Check Pods Manifest.lock */,
				3B2D511C2ADFEBA500AA5020 /* Sources */,
				3B2D511D2ADFEBA500AA5020 /* Frameworks */,
				3B2D511E2ADFEBA500AA5020 /* Resources */,
				3233DEC018B754926F59E3AB /* [CP] Embed Pods Frameworks */,
			);
			buildRules = (
			);
			dependencies = (
				3B2D51222ADFEBA500AA5020 /* PBXTargetDependency */,
			);
			name = SwiftyMockyGenerateCodeErrorUITests;
			productName = SwiftyMockyGenerateCodeErrorUITests;
			productReference = 3B2D51202ADFEBA500AA5020 /* SwiftyMockyGenerateCodeErrorUITests.xctest */;
			productType = "com.apple.product-type.bundle.ui-testing";
		};
/* End PBXNativeTarget section */

/* Begin PBXProject section */
		3B2D50F82ADFEBA300AA5020 /* Project object */ = {
			isa = PBXProject;
			attributes = {
				BuildIndependentTargetsInParallel = 1;
				LastSwiftUpdateCheck = 1420;
				LastUpgradeCheck = 1420;
				TargetAttributes = {
					3B2D50FF2ADFEBA300AA5020 = {
						CreatedOnToolsVersion = 14.2;
					};
					3B2D51152ADFEBA500AA5020 = {
						CreatedOnToolsVersion = 14.2;
						TestTargetID = 3B2D50FF2ADFEBA300AA5020;
					};
					3B2D511F2ADFEBA500AA5020 = {
						CreatedOnToolsVersion = 14.2;
						TestTargetID = 3B2D50FF2ADFEBA300AA5020;
					};
				};
			};
			buildConfigurationList = 3B2D50FB2ADFEBA300AA5020 /* Build configuration list for PBXProject "SwiftyMockyGenerateCodeError" */;
			compatibilityVersion = "Xcode 14.0";
			developmentRegion = en;
			hasScannedForEncodings = 0;
			knownRegions = (
				en,
				Base,
			);
			mainGroup = 3B2D50F72ADFEBA300AA5020;
			productRefGroup = 3B2D51012ADFEBA300AA5020 /* Products */;
			projectDirPath = "";
			projectRoot = "";
			targets = (
				3B2D50FF2ADFEBA300AA5020 /* SwiftyMockyGenerateCodeError */,
				3B2D51152ADFEBA500AA5020 /* SwiftyMockyGenerateCodeErrorTests */,
				3B2D511F2ADFEBA500AA5020 /* SwiftyMockyGenerateCodeErrorUITests */,
			);
		};
/* End PBXProject section */

/* Begin PBXResourcesBuildPhase section */
		3B2D50FE2ADFEBA300AA5020 /* Resources */ = {
			isa = PBXResourcesBuildPhase;
			buildActionMask = 2147483647;
			files = (
				3B2D51102ADFEBA500AA5020 /* LaunchScreen.storyboard in Resources */,
				3B2D510D2ADFEBA500AA5020 /* Assets.xcassets in Resources */,
				3B2D510B2ADFEBA300AA5020 /* Main.storyboard in Resources */,
			);
			runOnlyForDeploymentPostprocessing = 0;
		};
		3B2D51142ADFEBA500AA5020 /* Resources */ = {
			isa = PBXResourcesBuildPhase;
			buildActionMask = 2147483647;
			files = (
			);
			runOnlyForDeploymentPostprocessing = 0;
		};
		3B2D511E2ADFEBA500AA5020 /* Resources */ = {
			isa = PBXResourcesBuildPhase;
			buildActionMask = 2147483647;
			files = (
			);
			runOnlyForDeploymentPostprocessing = 0;
		};
/* End PBXResourcesBuildPhase section */

/* Begin PBXShellScriptBuildPhase section */
		3233DEC018B754926F59E3AB /* [CP] Embed Pods Frameworks */ = {
			isa = PBXShellScriptBuildPhase;
			buildActionMask = 2147483647;
			files = (
			);
			inputFileListPaths = (
				"${PODS_ROOT}/Target Support Files/Pods-SwiftyMockyGenerateCodeError-SwiftyMockyGenerateCodeErrorUITests/Pods-SwiftyMockyGenerateCodeError-SwiftyMockyGenerateCodeErrorUITests-frameworks-${CONFIGURATION}-input-files.xcfilelist",
			);
			name = "[CP] Embed Pods Frameworks";
			outputFileListPaths = (
				"${PODS_ROOT}/Target Support Files/Pods-SwiftyMockyGenerateCodeError-SwiftyMockyGenerateCodeErrorUITests/Pods-SwiftyMockyGenerateCodeError-SwiftyMockyGenerateCodeErrorUITests-frameworks-${CONFIGURATION}-output-files.xcfilelist",
			);
			runOnlyForDeploymentPostprocessing = 0;
			shellPath = /bin/sh;
			shellScript = "\"${PODS_ROOT}/Target Support Files/Pods-SwiftyMockyGenerateCodeError-SwiftyMockyGenerateCodeErrorUITests/Pods-SwiftyMockyGenerateCodeError-SwiftyMockyGenerateCodeErrorUITests-frameworks.sh\"\n";
			showEnvVarsInLog = 0;
		};
		B0F2EDBB3C2E9C875B87C444 /* [CP] Check Pods Manifest.lock */ = {
			isa = PBXShellScriptBuildPhase;
			buildActionMask = 2147483647;
			files = (
			);
			inputFileListPaths = (
			);
			inputPaths = (
				"${PODS_PODFILE_DIR_PATH}/Podfile.lock",
				"${PODS_ROOT}/Manifest.lock",
			);
			name = "[CP] Check Pods Manifest.lock";
			outputFileListPaths = (
			);
			outputPaths = (
				"$(DERIVED_FILE_DIR)/Pods-SwiftyMockyGenerateCodeError-SwiftyMockyGenerateCodeErrorUITests-checkManifestLockResult.txt",
			);
			runOnlyForDeploymentPostprocessing = 0;
			shellPath = /bin/sh;
			shellScript = "diff \"${PODS_PODFILE_DIR_PATH}/Podfile.lock\" \"${PODS_ROOT}/Manifest.lock\" > /dev/null\nif [ $? != 0 ] ; then\n    # print error to STDERR\n    echo \"error: The sandbox is not in sync with the Podfile.lock. Run 'pod install' or update your CocoaPods installation.\" >&2\n    exit 1\nfi\n# This output is used by Xcode 'outputs' to avoid re-running this script phase.\necho \"SUCCESS\" > \"${SCRIPT_OUTPUT_FILE_0}\"\n";
			showEnvVarsInLog = 0;
		};
		CB367996852C1DF6F853380D /* [CP] Embed Pods Frameworks */ = {
			isa = PBXShellScriptBuildPhase;
			buildActionMask = 2147483647;
			files = (
			);
			inputFileListPaths = (
				"${PODS_ROOT}/Target Support Files/Pods-SwiftyMockyGenerateCodeError/Pods-SwiftyMockyGenerateCodeError-frameworks-${CONFIGURATION}-input-files.xcfilelist",
			);
			name = "[CP] Embed Pods Frameworks";
			outputFileListPaths = (
				"${PODS_ROOT}/Target Support Files/Pods-SwiftyMockyGenerateCodeError/Pods-SwiftyMockyGenerateCodeError-frameworks-${CONFIGURATION}-output-files.xcfilelist",
			);
			runOnlyForDeploymentPostprocessing = 0;
			shellPath = /bin/sh;
			shellScript = "\"${PODS_ROOT}/Target Support Files/Pods-SwiftyMockyGenerateCodeError/Pods-SwiftyMockyGenerateCodeError-frameworks.sh\"\n";
			showEnvVarsInLog = 0;
		};
		CBD0532C7497F6B0DBD14AA1 /* [CP] Check Pods Manifest.lock */ = {
			isa = PBXShellScriptBuildPhase;
			buildActionMask = 2147483647;
			files = (
			);
			inputFileListPaths = (
			);
			inputPaths = (
				"${PODS_PODFILE_DIR_PATH}/Podfile.lock",
				"${PODS_ROOT}/Manifest.lock",
			);
			name = "[CP] Check Pods Manifest.lock";
			outputFileListPaths = (
			);
			outputPaths = (
				"$(DERIVED_FILE_DIR)/Pods-SwiftyMockyGenerateCodeErrorTests-checkManifestLockResult.txt",
			);
			runOnlyForDeploymentPostprocessing = 0;
			shellPath = /bin/sh;
			shellScript = "diff \"${PODS_PODFILE_DIR_PATH}/Podfile.lock\" \"${PODS_ROOT}/Manifest.lock\" > /dev/null\nif [ $? != 0 ] ; then\n    # print error to STDERR\n    echo \"error: The sandbox is not in sync with the Podfile.lock. Run 'pod install' or update your CocoaPods installation.\" >&2\n    exit 1\nfi\n# This output is used by Xcode 'outputs' to avoid re-running this script phase.\necho \"SUCCESS\" > \"${SCRIPT_OUTPUT_FILE_0}\"\n";
			showEnvVarsInLog = 0;
		};
		FF69CF7A0AD7A2B2329CFE0F /* [CP] Check Pods Manifest.lock */ = {
			isa = PBXShellScriptBuildPhase;
			buildActionMask = 2147483647;
			files = (
			);
			inputFileListPaths = (
			);
			inputPaths = (
				"${PODS_PODFILE_DIR_PATH}/Podfile.lock",
				"${PODS_ROOT}/Manifest.lock",
			);
			name = "[CP] Check Pods Manifest.lock";
			outputFileListPaths = (
			);
			outputPaths = (
				"$(DERIVED_FILE_DIR)/Pods-SwiftyMockyGenerateCodeError-checkManifestLockResult.txt",
			);
			runOnlyForDeploymentPostprocessing = 0;
			shellPath = /bin/sh;
			shellScript = "diff \"${PODS_PODFILE_DIR_PATH}/Podfile.lock\" \"${PODS_ROOT}/Manifest.lock\" > /dev/null\nif [ $? != 0 ] ; then\n    # print error to STDERR\n    echo \"error: The sandbox is not in sync with the Podfile.lock. Run 'pod install' or update your CocoaPods installation.\" >&2\n    exit 1\nfi\n# This output is used by Xcode 'outputs' to avoid re-running this script phase.\necho \"SUCCESS\" > \"${SCRIPT_OUTPUT_FILE_0}\"\n";
			showEnvVarsInLog = 0;
		};
/* End PBXShellScriptBuildPhase section */

/* Begin PBXSourcesBuildPhase section */
		3B2D50FC2ADFEBA300AA5020 /* Sources */ = {
			isa = PBXSourcesBuildPhase;
			buildActionMask = 2147483647;
			files = (
				3B2D51082ADFEBA300AA5020 /* ViewController.swift in Sources */,
				3B2D51042ADFEBA300AA5020 /* AppDelegate.swift in Sources */,
				3B2D51062ADFEBA300AA5020 /* SceneDelegate.swift in Sources */,
				3B3CFE1C2AE04EA9003DAA61 /* SampleProtocol.swift in Sources */,
			);
			runOnlyForDeploymentPostprocessing = 0;
		};
		3B2D51122ADFEBA500AA5020 /* Sources */ = {
			isa = PBXSourcesBuildPhase;
			buildActionMask = 2147483647;
			files = (
				3B2D511B2ADFEBA500AA5020 /* SwiftyMockyGenerateCodeErrorTests.swift in Sources */,
			);
			runOnlyForDeploymentPostprocessing = 0;
		};
		3B2D511C2ADFEBA500AA5020 /* Sources */ = {
			isa = PBXSourcesBuildPhase;
			buildActionMask = 2147483647;
			files = (
				3B2D51252ADFEBA500AA5020 /* SwiftyMockyGenerateCodeErrorUITests.swift in Sources */,
				3B2D51272ADFEBA500AA5020 /* SwiftyMockyGenerateCodeErrorUITestsLaunchTests.swift in Sources */,
			);
			runOnlyForDeploymentPostprocessing = 0;
		};
/* End PBXSourcesBuildPhase section */

/* Begin PBXTargetDependency section */
		3B2D51182ADFEBA500AA5020 /* PBXTargetDependency */ = {
			isa = PBXTargetDependency;
			target = 3B2D50FF2ADFEBA300AA5020 /* SwiftyMockyGenerateCodeError */;
			targetProxy = 3B2D51172ADFEBA500AA5020 /* PBXContainerItemProxy */;
		};
		3B2D51222ADFEBA500AA5020 /* PBXTargetDependency */ = {
			isa = PBXTargetDependency;
			target = 3B2D50FF2ADFEBA300AA5020 /* SwiftyMockyGenerateCodeError */;
			targetProxy = 3B2D51212ADFEBA500AA5020 /* PBXContainerItemProxy */;
		};
/* End PBXTargetDependency section */

/* Begin PBXVariantGroup section */
		3B2D51092ADFEBA300AA5020 /* Main.storyboard */ = {
			isa = PBXVariantGroup;
			children = (
				3B2D510A2ADFEBA300AA5020 /* Base */,
			);
			name = Main.storyboard;
			sourceTree = "<group>";
		};
		3B2D510E2ADFEBA500AA5020 /* LaunchScreen.storyboard */ = {
			isa = PBXVariantGroup;
			children = (
				3B2D510F2ADFEBA500AA5020 /* Base */,
			);
			name = LaunchScreen.storyboard;
			sourceTree = "<group>";
		};
/* End PBXVariantGroup section */

/* Begin XCBuildConfiguration section */
		3B2D51282ADFEBA500AA5020 /* Debug */ = {
			isa = XCBuildConfiguration;
			buildSettings = {
				ALWAYS_SEARCH_USER_PATHS = NO;
				CLANG_ANALYZER_NONNULL = YES;
				CLANG_ANALYZER_NUMBER_OBJECT_CONVERSION = YES_AGGRESSIVE;
				CLANG_CXX_LANGUAGE_STANDARD = "gnu++20";
				CLANG_ENABLE_MODULES = YES;
				CLANG_ENABLE_OBJC_ARC = YES;
				CLANG_ENABLE_OBJC_WEAK = YES;
				CLANG_WARN_BLOCK_CAPTURE_AUTORELEASING = YES;
				CLANG_WARN_BOOL_CONVERSION = YES;
				CLANG_WARN_COMMA = YES;
				CLANG_WARN_CONSTANT_CONVERSION = YES;
				CLANG_WARN_DEPRECATED_OBJC_IMPLEMENTATIONS = YES;
				CLANG_WARN_DIRECT_OBJC_ISA_USAGE = YES_ERROR;
				CLANG_WARN_DOCUMENTATION_COMMENTS = YES;
				CLANG_WARN_EMPTY_BODY = YES;
				CLANG_WARN_ENUM_CONVERSION = YES;
				CLANG_WARN_INFINITE_RECURSION = YES;
				CLANG_WARN_INT_CONVERSION = YES;
				CLANG_WARN_NON_LITERAL_NULL_CONVERSION = YES;
				CLANG_WARN_OBJC_IMPLICIT_RETAIN_SELF = YES;
				CLANG_WARN_OBJC_LITERAL_CONVERSION = YES;
				CLANG_WARN_OBJC_ROOT_CLASS = YES_ERROR;
				CLANG_WARN_QUOTED_INCLUDE_IN_FRAMEWORK_HEADER = YES;
				CLANG_WARN_RANGE_LOOP_ANALYSIS = YES;
				CLANG_WARN_STRICT_PROTOTYPES = YES;
				CLANG_WARN_SUSPICIOUS_MOVE = YES;
				CLANG_WARN_UNGUARDED_AVAILABILITY = YES_AGGRESSIVE;
				CLANG_WARN_UNREACHABLE_CODE = YES;
				CLANG_WARN__DUPLICATE_METHOD_MATCH = YES;
				COPY_PHASE_STRIP = NO;
				DEBUG_INFORMATION_FORMAT = dwarf;
				ENABLE_STRICT_OBJC_MSGSEND = YES;
				ENABLE_TESTABILITY = YES;
				GCC_C_LANGUAGE_STANDARD = gnu11;
				GCC_DYNAMIC_NO_PIC = NO;
				GCC_NO_COMMON_BLOCKS = YES;
				GCC_OPTIMIZATION_LEVEL = 0;
				GCC_PREPROCESSOR_DEFINITIONS = (
					"DEBUG=1",
					"$(inherited)",
				);
				GCC_WARN_64_TO_32_BIT_CONVERSION = YES;
				GCC_WARN_ABOUT_RETURN_TYPE = YES_ERROR;
				GCC_WARN_UNDECLARED_SELECTOR = YES;
				GCC_WARN_UNINITIALIZED_AUTOS = YES_AGGRESSIVE;
				GCC_WARN_UNUSED_FUNCTION = YES;
				GCC_WARN_UNUSED_VARIABLE = YES;
				IPHONEOS_DEPLOYMENT_TARGET = 16.2;
				MTL_ENABLE_DEBUG_INFO = INCLUDE_SOURCE;
				MTL_FAST_MATH = YES;
				ONLY_ACTIVE_ARCH = YES;
				SDKROOT = iphoneos;
				SWIFT_ACTIVE_COMPILATION_CONDITIONS = DEBUG;
				SWIFT_OPTIMIZATION_LEVEL = "-Onone";
			};
			name = Debug;
		};
		3B2D51292ADFEBA500AA5020 /* Release */ = {
			isa = XCBuildConfiguration;
			buildSettings = {
				ALWAYS_SEARCH_USER_PATHS = NO;
				CLANG_ANALYZER_NONNULL = YES;
				CLANG_ANALYZER_NUMBER_OBJECT_CONVERSION = YES_AGGRESSIVE;
				CLANG_CXX_LANGUAGE_STANDARD = "gnu++20";
				CLANG_ENABLE_MODULES = YES;
				CLANG_ENABLE_OBJC_ARC = YES;
				CLANG_ENABLE_OBJC_WEAK = YES;
				CLANG_WARN_BLOCK_CAPTURE_AUTORELEASING = YES;
				CLANG_WARN_BOOL_CONVERSION = YES;
				CLANG_WARN_COMMA = YES;
				CLANG_WARN_CONSTANT_CONVERSION = YES;
				CLANG_WARN_DEPRECATED_OBJC_IMPLEMENTATIONS = YES;
				CLANG_WARN_DIRECT_OBJC_ISA_USAGE = YES_ERROR;
				CLANG_WARN_DOCUMENTATION_COMMENTS = YES;
				CLANG_WARN_EMPTY_BODY = YES;
				CLANG_WARN_ENUM_CONVERSION = YES;
				CLANG_WARN_INFINITE_RECURSION = YES;
				CLANG_WARN_INT_CONVERSION = YES;
				CLANG_WARN_NON_LITERAL_NULL_CONVERSION = YES;
				CLANG_WARN_OBJC_IMPLICIT_RETAIN_SELF = YES;
				CLANG_WARN_OBJC_LITERAL_CONVERSION = YES;
				CLANG_WARN_OBJC_ROOT_CLASS = YES_ERROR;
				CLANG_WARN_QUOTED_INCLUDE_IN_FRAMEWORK_HEADER = YES;
				CLANG_WARN_RANGE_LOOP_ANALYSIS = YES;
				CLANG_WARN_STRICT_PROTOTYPES = YES;
				CLANG_WARN_SUSPICIOUS_MOVE = YES;
				CLANG_WARN_UNGUARDED_AVAILABILITY = YES_AGGRESSIVE;
				CLANG_WARN_UNREACHABLE_CODE = YES;
				CLANG_WARN__DUPLICATE_METHOD_MATCH = YES;
				COPY_PHASE_STRIP = NO;
				DEBUG_INFORMATION_FORMAT = "dwarf-with-dsym";
				ENABLE_NS_ASSERTIONS = NO;
				ENABLE_STRICT_OBJC_MSGSEND = YES;
				GCC_C_LANGUAGE_STANDARD = gnu11;
				GCC_NO_COMMON_BLOCKS = YES;
				GCC_WARN_64_TO_32_BIT_CONVERSION = YES;
				GCC_WARN_ABOUT_RETURN_TYPE = YES_ERROR;
				GCC_WARN_UNDECLARED_SELECTOR = YES;
				GCC_WARN_UNINITIALIZED_AUTOS = YES_AGGRESSIVE;
				GCC_WARN_UNUSED_FUNCTION = YES;
				GCC_WARN_UNUSED_VARIABLE = YES;
				IPHONEOS_DEPLOYMENT_TARGET = 16.2;
				MTL_ENABLE_DEBUG_INFO = NO;
				MTL_FAST_MATH = YES;
				SDKROOT = iphoneos;
				SWIFT_COMPILATION_MODE = wholemodule;
				SWIFT_OPTIMIZATION_LEVEL = "-O";
				VALIDATE_PRODUCT = YES;
			};
			name = Release;
		};
		3B2D512B2ADFEBA500AA5020 /* Debug */ = {
			isa = XCBuildConfiguration;
			baseConfigurationReference = 46A31A64EFF4698D5BC5413B /* Pods-SwiftyMockyGenerateCodeError.debug.xcconfig */;
			buildSettings = {
				ASSETCATALOG_COMPILER_APPICON_NAME = AppIcon;
				ASSETCATALOG_COMPILER_GLOBAL_ACCENT_COLOR_NAME = AccentColor;
				CODE_SIGN_STYLE = Automatic;
				CURRENT_PROJECT_VERSION = 1;
				GENERATE_INFOPLIST_FILE = YES;
				INFOPLIST_FILE = SwiftyMockyGenerateCodeError/Info.plist;
				INFOPLIST_KEY_UIApplicationSupportsIndirectInputEvents = YES;
				INFOPLIST_KEY_UILaunchStoryboardName = LaunchScreen;
				INFOPLIST_KEY_UIMainStoryboardFile = Main;
				INFOPLIST_KEY_UISupportedInterfaceOrientations_iPad = "UIInterfaceOrientationPortrait UIInterfaceOrientationPortraitUpsideDown UIInterfaceOrientationLandscapeLeft UIInterfaceOrientationLandscapeRight";
				INFOPLIST_KEY_UISupportedInterfaceOrientations_iPhone = "UIInterfaceOrientationPortrait UIInterfaceOrientationLandscapeLeft UIInterfaceOrientationLandscapeRight";
				LD_RUNPATH_SEARCH_PATHS = (
					"$(inherited)",
					"@executable_path/Frameworks",
				);
				MARKETING_VERSION = 1.0;
				PRODUCT_BUNDLE_IDENTIFIER = com.example.SwiftyMockyGenerateCodeError;
				PRODUCT_NAME = "$(TARGET_NAME)";
				SWIFT_EMIT_LOC_STRINGS = YES;
				SWIFT_VERSION = 5.0;
				TARGETED_DEVICE_FAMILY = "1,2";
			};
			name = Debug;
		};
		3B2D512C2ADFEBA500AA5020 /* Release */ = {
			isa = XCBuildConfiguration;
			baseConfigurationReference = 2757EE74B829791C8DBD9061 /* Pods-SwiftyMockyGenerateCodeError.release.xcconfig */;
			buildSettings = {
				ASSETCATALOG_COMPILER_APPICON_NAME = AppIcon;
				ASSETCATALOG_COMPILER_GLOBAL_ACCENT_COLOR_NAME = AccentColor;
				CODE_SIGN_STYLE = Automatic;
				CURRENT_PROJECT_VERSION = 1;
				GENERATE_INFOPLIST_FILE = YES;
				INFOPLIST_FILE = SwiftyMockyGenerateCodeError/Info.plist;
				INFOPLIST_KEY_UIApplicationSupportsIndirectInputEvents = YES;
				INFOPLIST_KEY_UILaunchStoryboardName = LaunchScreen;
				INFOPLIST_KEY_UIMainStoryboardFile = Main;
				INFOPLIST_KEY_UISupportedInterfaceOrientations_iPad = "UIInterfaceOrientationPortrait UIInterfaceOrientationPortraitUpsideDown UIInterfaceOrientationLandscapeLeft UIInterfaceOrientationLandscapeRight";
				INFOPLIST_KEY_UISupportedInterfaceOrientations_iPhone = "UIInterfaceOrientationPortrait UIInterfaceOrientationLandscapeLeft UIInterfaceOrientationLandscapeRight";
				LD_RUNPATH_SEARCH_PATHS = (
					"$(inherited)",
					"@executable_path/Frameworks",
				);
				MARKETING_VERSION = 1.0;
				PRODUCT_BUNDLE_IDENTIFIER = com.example.SwiftyMockyGenerateCodeError;
				PRODUCT_NAME = "$(TARGET_NAME)";
				SWIFT_EMIT_LOC_STRINGS = YES;
				SWIFT_VERSION = 5.0;
				TARGETED_DEVICE_FAMILY = "1,2";
			};
			name = Release;
		};
		3B2D512E2ADFEBA500AA5020 /* Debug */ = {
			isa = XCBuildConfiguration;
			baseConfigurationReference = D53C0170DD5A02DD4EC9BD9E /* Pods-SwiftyMockyGenerateCodeErrorTests.debug.xcconfig */;
			buildSettings = {
				ALWAYS_EMBED_SWIFT_STANDARD_LIBRARIES = YES;
				BUNDLE_LOADER = "$(TEST_HOST)";
				CODE_SIGN_STYLE = Automatic;
				CURRENT_PROJECT_VERSION = 1;
				GENERATE_INFOPLIST_FILE = YES;
				IPHONEOS_DEPLOYMENT_TARGET = 16.2;
				MARKETING_VERSION = 1.0;
				PRODUCT_BUNDLE_IDENTIFIER = com.example.SwiftyMockyGenerateCodeErrorTests;
				PRODUCT_NAME = "$(TARGET_NAME)";
				SWIFT_EMIT_LOC_STRINGS = NO;
				SWIFT_VERSION = 5.0;
				TARGETED_DEVICE_FAMILY = "1,2";
				TEST_HOST = "$(BUILT_PRODUCTS_DIR)/SwiftyMockyGenerateCodeError.app/$(BUNDLE_EXECUTABLE_FOLDER_PATH)/SwiftyMockyGenerateCodeError";
			};
			name = Debug;
		};
		3B2D512F2ADFEBA500AA5020 /* Release */ = {
			isa = XCBuildConfiguration;
			baseConfigurationReference = 4A6988E0D073C69D9E47B4EA /* Pods-SwiftyMockyGenerateCodeErrorTests.release.xcconfig */;
			buildSettings = {
				ALWAYS_EMBED_SWIFT_STANDARD_LIBRARIES = YES;
				BUNDLE_LOADER = "$(TEST_HOST)";
				CODE_SIGN_STYLE = Automatic;
				CURRENT_PROJECT_VERSION = 1;
				GENERATE_INFOPLIST_FILE = YES;
				IPHONEOS_DEPLOYMENT_TARGET = 16.2;
				MARKETING_VERSION = 1.0;
				PRODUCT_BUNDLE_IDENTIFIER = com.example.SwiftyMockyGenerateCodeErrorTests;
				PRODUCT_NAME = "$(TARGET_NAME)";
				SWIFT_EMIT_LOC_STRINGS = NO;
				SWIFT_VERSION = 5.0;
				TARGETED_DEVICE_FAMILY = "1,2";
				TEST_HOST = "$(BUILT_PRODUCTS_DIR)/SwiftyMockyGenerateCodeError.app/$(BUNDLE_EXECUTABLE_FOLDER_PATH)/SwiftyMockyGenerateCodeError";
			};
			name = Release;
		};
		3B2D51312ADFEBA500AA5020 /* Debug */ = {
			isa = XCBuildConfiguration;
			baseConfigurationReference = 84F6383E3377BCDC71A036B1 /* Pods-SwiftyMockyGenerateCodeError-SwiftyMockyGenerateCodeErrorUITests.debug.xcconfig */;
			buildSettings = {
				ALWAYS_EMBED_SWIFT_STANDARD_LIBRARIES = YES;
				CODE_SIGN_STYLE = Automatic;
				CURRENT_PROJECT_VERSION = 1;
				GENERATE_INFOPLIST_FILE = YES;
				MARKETING_VERSION = 1.0;
				PRODUCT_BUNDLE_IDENTIFIER = com.example.SwiftyMockyGenerateCodeErrorUITests;
				PRODUCT_NAME = "$(TARGET_NAME)";
				SWIFT_EMIT_LOC_STRINGS = NO;
				SWIFT_VERSION = 5.0;
				TARGETED_DEVICE_FAMILY = "1,2";
				TEST_TARGET_NAME = SwiftyMockyGenerateCodeError;
			};
			name = Debug;
		};
		3B2D51322ADFEBA500AA5020 /* Release */ = {
			isa = XCBuildConfiguration;
			baseConfigurationReference = 15FA31C301BF68445ECE459A /* Pods-SwiftyMockyGenerateCodeError-SwiftyMockyGenerateCodeErrorUITests.release.xcconfig */;
			buildSettings = {
				ALWAYS_EMBED_SWIFT_STANDARD_LIBRARIES = YES;
				CODE_SIGN_STYLE = Automatic;
				CURRENT_PROJECT_VERSION = 1;
				GENERATE_INFOPLIST_FILE = YES;
				MARKETING_VERSION = 1.0;
				PRODUCT_BUNDLE_IDENTIFIER = com.example.SwiftyMockyGenerateCodeErrorUITests;
				PRODUCT_NAME = "$(TARGET_NAME)";
				SWIFT_EMIT_LOC_STRINGS = NO;
				SWIFT_VERSION = 5.0;
				TARGETED_DEVICE_FAMILY = "1,2";
				TEST_TARGET_NAME = SwiftyMockyGenerateCodeError;
			};
			name = Release;
		};
/* End XCBuildConfiguration section */

/* Begin XCConfigurationList section */
		3B2D50FB2ADFEBA300AA5020 /* Build configuration list for PBXProject "SwiftyMockyGenerateCodeError" */ = {
			isa = XCConfigurationList;
			buildConfigurations = (
				3B2D51282ADFEBA500AA5020 /* Debug */,
				3B2D51292ADFEBA500AA5020 /* Release */,
			);
			defaultConfigurationIsVisible = 0;
			defaultConfigurationName = Release;
		};
		3B2D512A2ADFEBA500AA5020 /* Build configuration list for PBXNativeTarget "SwiftyMockyGenerateCodeError" */ = {
			isa = XCConfigurationList;
			buildConfigurations = (
				3B2D512B2ADFEBA500AA5020 /* Debug */,
				3B2D512C2ADFEBA500AA5020 /* Release */,
			);
			defaultConfigurationIsVisible = 0;
			defaultConfigurationName = Release;
		};
		3B2D512D2ADFEBA500AA5020 /* Build configuration list for PBXNativeTarget "SwiftyMockyGenerateCodeErrorTests" */ = {
			isa = XCConfigurationList;
			buildConfigurations = (
				3B2D512E2ADFEBA500AA5020 /* Debug */,
				3B2D512F2ADFEBA500AA5020 /* Release */,
			);
			defaultConfigurationIsVisible = 0;
			defaultConfigurationName = Release;
		};
		3B2D51302ADFEBA500AA5020 /* Build configuration list for PBXNativeTarget "SwiftyMockyGenerateCodeErrorUITests" */ = {
			isa = XCConfigurationList;
			buildConfigurations = (
				3B2D51312ADFEBA500AA5020 /* Debug */,
				3B2D51322ADFEBA500AA5020 /* Release */,
			);
			defaultConfigurationIsVisible = 0;
			defaultConfigurationName = Release;
		};
/* End XCConfigurationList section */
	};
	rootObject = 3B2D50F82ADFEBA300AA5020 /* Project object */;
}
